
Microsoft Visual Studio Solution File, Format Version 12.00
# Visual Studio Version 17
VisualStudioVersion = 17.14.36518.9
MinimumVisualStudioVersion = 10.0.40219.1
Project("{FAE04EC0-301F-11D3-BF4B-00C04F79EFBC}") = "GuitarAI", "GuitarAI.csproj", "{D61266FD-6999-4AA9-A5BF-2F849129D440}"
EndProject
Project("{FAE04EC0-301F-11D3-BF4B-00C04F79EFBC}") = "GuitarAI.Core", "..\GuitarAI.Core\GuitarAI.Core.csproj", "{943B7E77-24DB-4F6F-88D2-E531951454F0}"
EndProject
Project("{FAE04EC0-301F-11D3-BF4B-00C04F79EFBC}") = "GuitarAI.Audio", "..\GuitarAI.Audio\GuitarAI.Audio.csproj", "{064A41A8-5E13-43B2-9CB3-E1EDF8A74688}"
EndProject
Global
	GlobalSection(SolutionConfigurationPlatforms) = preSolution
		Debug|Any CPU = Debug|Any CPU
		Release|Any CPU = Release|Any CPU
	EndGlobalSection
	GlobalSection(ProjectConfigurationPlatforms) = postSolution
		{D61266FD-6999-4AA9-A5BF-2F849129D440}.Debug|Any CPU.ActiveCfg = Debug|Any CPU
		{D61266FD-6999-4AA9-A5BF-2F849129D440}.Debug|Any CPU.Build.0 = Debug|Any CPU
		{D61266FD-6999-4AA9-A5BF-2F849129D440}.Release|Any CPU.ActiveCfg = Release|Any CPU
		{D61266FD-6999-4AA9-A5BF-2F849129D440}.Release|Any CPU.Build.0 = Release|Any CPU
		{943B7E77-24DB-4F6F-88D2-E531951454F0}.Debug|Any CPU.ActiveCfg = Debug|Any CPU
		{943B7E77-24DB-4F6F-88D2-E531951454F0}.Debug|Any CPU.Build.0 = Debug|Any CPU
		{943B7E77-24DB-4F6F-88D2-E531951454F0}.Release|Any CPU.ActiveCfg = Release|Any CPU
		{943B7E77-24DB-4F6F-88D2-E531951454F0}.Release|Any CPU.Build.0 = Release|Any CPU
		{064A41A8-5E13-43B2-9CB3-E1EDF8A74688}.Debug|Any CPU.ActiveCfg = Debug|Any CPU
		{064A41A8-5E13-43B2-9CB3-E1EDF8A74688}.Debug|Any CPU.Build.0 = Debug|Any CPU
		{064A41A8-5E13-43B2-9CB3-E1EDF8A74688}.Release|Any CPU.ActiveCfg = Release|Any CPU
		{064A41A8-5E13-43B2-9CB3-E1EDF8A74688}.Release|Any CPU.Build.0 = Release|Any CPU
	EndGlobalSection
	GlobalSection(SolutionProperties) = preSolution
		HideSolutionNode = FALSE
	EndGlobalSection
	GlobalSection(ExtensibilityGlobals) = postSolution
		SolutionGuid = {AE115136-FB0F-4D75-971B-271F50DCE97B}
	EndGlobalSection
EndGlobal
